# @generated by Move, please check-in and do not edit manually.

[move]
version = 3
manifest_digest = "3484099A00204282A25FD92757337C155267A0F292346BB109B3AB85919945EF"
deps_digest = "F9B494B64F0615AED0E98FC12A85B85ECD2BC5185C22D30E7F67786BB52E507C"
dependencies = [
  { id = "Iota", name = "Iota" },
  { id = "IotaSystem", name = "IotaSystem" },
  { id = "MoveStdlib", name = "MoveStdlib" },
  { id = "Stardust", name = "Stardust" },
]

[[move.package]]
id = "Iota"
source = { git = "https://github.com/iotaledger/iota.git", rev = "6bfe08416465aec56850c60be65c6b827b3c10ee", subdir = "crates/iota-framework/packages/iota-framework" }

dependencies = [
  { id = "MoveStdlib", name = "MoveStdlib" },
]

[[move.package]]
id = "IotaSystem"
source = { git = "https://github.com/iotaledger/iota.git", rev = "6bfe08416465aec56850c60be65c6b827b3c10ee", subdir = "crates/iota-framework/packages/iota-system" }

dependencies = [
  { id = "Iota", name = "Iota" },
  { id = "MoveStdlib", name = "MoveStdlib" },
]

[[move.package]]
id = "MoveStdlib"
source = { git = "https://github.com/iotaledger/iota.git", rev = "6bfe08416465aec56850c60be65c6b827b3c10ee", subdir = "crates/iota-framework/packages/move-stdlib" }

[[move.package]]
id = "Stardust"
source = { git = "https://github.com/iotaledger/iota.git", rev = "6bfe08416465aec56850c60be65c6b827b3c10ee", subdir = "crates/iota-framework/packages/stardust" }

dependencies = [
  { id = "Iota", name = "Iota" },
  { id = "MoveStdlib", name = "MoveStdlib" },
]

[move.toolchain-version]
compiler-version = "1.12.0-rc"
edition = "2024"
flavor = "iota"

[env]

[env.devnet]
chain-id = "e678123a"
original-published-id = "0x8659089ee35fa406d8345a34845d0ac6535df566592fd4bc15ea384dd6329f19"
latest-published-id = "0x8659089ee35fa406d8345a34845d0ac6535df566592fd4bc15ea384dd6329f19"
published-version = "1"
